
Microsoft Visual Studio Solution File, Format Version 12.00
# Visual Studio Version 17
VisualStudioVersion = 17.8.34322.80
MinimumVisualStudioVersion = 10.0.40219.1
Project("{8BC9CEB8-8B4A-11D0-8D11-00A0C91BC942}") = "TelegramBot2", "TelegramBot2\TelegramBot2.vcxproj", "{19B83DF0-D5F2-47F1-AECB-64C4C520588A}"
EndProject
Global
	GlobalSection(SolutionConfigurationPlatforms) = preSolution
		Debug|x64 = Debug|x64
		Debug|x86 = Debug|x86
		Release|x64 = Release|x64
		Release|x86 = Release|x86
	EndGlobalSection
	GlobalSection(ProjectConfigurationPlatforms) = postSolution
		{19B83DF0-D5F2-47F1-AECB-64C4C520588A}.Debug|x64.ActiveCfg = Debug|x64
		{19B83DF0-D5F2-47F1-AECB-64C4C520588A}.Debug|x64.Build.0 = Debug|x64
		{19B83DF0-D5F2-47F1-AECB-64C4C520588A}.Debug|x86.ActiveCfg = Debug|Win32
		{19B83DF0-D5F2-47F1-AECB-64C4C520588A}.Debug|x86.Build.0 = Debug|Win32
		{19B83DF0-D5F2-47F1-AECB-64C4C520588A}.Release|x64.ActiveCfg = Release|x64
		{19B83DF0-D5F2-47F1-AECB-64C4C520588A}.Release|x64.Build.0 = Release|x64
		{19B83DF0-D5F2-47F1-AECB-64C4C520588A}.Release|x86.ActiveCfg = Release|Win32
		{19B83DF0-D5F2-47F1-AECB-64C4C520588A}.Release|x86.Build.0 = Release|Win32
	EndGlobalSection
	GlobalSection(SolutionProperties) = preSolution
		HideSolutionNode = FALSE
	EndGlobalSection
	GlobalSection(ExtensibilityGlobals) = postSolution
		SolutionGuid = {94084A9A-0A3E-4115-9D2C-87CFADFF668C}
	EndGlobalSection
EndGlobal
